
Microsoft Visual Studio Solution File, Format Version 12.00
# Visual Studio Version 17
VisualStudioVersion = 17.6.33723.286
MinimumVisualStudioVersion = 10.0.40219.1
Project("{9A19103F-16F7-4668-BE54-9A1E7A4F7556}") = "AutoWorkplaceLib", "AutoWorkplaceLib\AutoWorkplaceLib.csproj", "{115EDAC8-BDDD-447A-9D6C-20C41094126B}"
EndProject
Project("{9A19103F-16F7-4668-BE54-9A1E7A4F7556}") = "AutoWorkplaceConsole", "AutoWorkplaceConsole\AutoWorkplaceConsole.csproj", "{794C88B4-4313-458F-95A2-AB093CD26A4E}"
EndProject
Project("{FAE04EC0-301F-11D3-BF4B-00C04F79EFBC}") = "AutoWorkspaceWFA", "AutoWorkspaceWFA\AutoWorkspaceWFA.csproj", "{06DA525F-D39C-4060-B356-8DFB3C72666A}"
EndProject
Global
	GlobalSection(SolutionConfigurationPlatforms) = preSolution
		Debug|Any CPU = Debug|Any CPU
		Release|Any CPU = Release|Any CPU
	EndGlobalSection
	GlobalSection(ProjectConfigurationPlatforms) = postSolution
		{115EDAC8-BDDD-447A-9D6C-20C41094126B}.Debug|Any CPU.ActiveCfg = Debug|Any CPU
		{115EDAC8-BDDD-447A-9D6C-20C41094126B}.Debug|Any CPU.Build.0 = Debug|Any CPU
		{115EDAC8-BDDD-447A-9D6C-20C41094126B}.Release|Any CPU.ActiveCfg = Release|Any CPU
		{115EDAC8-BDDD-447A-9D6C-20C41094126B}.Release|Any CPU.Build.0 = Release|Any CPU
		{794C88B4-4313-458F-95A2-AB093CD26A4E}.Debug|Any CPU.ActiveCfg = Debug|Any CPU
		{794C88B4-4313-458F-95A2-AB093CD26A4E}.Debug|Any CPU.Build.0 = Debug|Any CPU
		{794C88B4-4313-458F-95A2-AB093CD26A4E}.Release|Any CPU.ActiveCfg = Release|Any CPU
		{794C88B4-4313-458F-95A2-AB093CD26A4E}.Release|Any CPU.Build.0 = Release|Any CPU
		{06DA525F-D39C-4060-B356-8DFB3C72666A}.Debug|Any CPU.ActiveCfg = Debug|Any CPU
		{06DA525F-D39C-4060-B356-8DFB3C72666A}.Debug|Any CPU.Build.0 = Debug|Any CPU
		{06DA525F-D39C-4060-B356-8DFB3C72666A}.Release|Any CPU.ActiveCfg = Release|Any CPU
		{06DA525F-D39C-4060-B356-8DFB3C72666A}.Release|Any CPU.Build.0 = Release|Any CPU
	EndGlobalSection
	GlobalSection(SolutionProperties) = preSolution
		HideSolutionNode = FALSE
	EndGlobalSection
	GlobalSection(ExtensibilityGlobals) = postSolution
		SolutionGuid = {4C6FB4EC-66F8-4449-85F4-C615FDB2BD9F}
	EndGlobalSection
EndGlobal
